
Microsoft Visual Studio Solution File, Format Version 11.00
# Visual Studio 2010
Project("{FAE04EC0-301F-11D3-BF4B-00C04F79EFBC}") = "GUI", "GUI\GUI.csproj", "{602533E8-5D4A-4C36-836F-C23D29A13E9D}"
EndProject
Project("{FAE04EC0-301F-11D3-BF4B-00C04F79EFBC}") = "BUS", "BUS\BUS.csproj", "{005BF40C-EBD6-4B3E-B297-72770ECC861F}"
EndProject
Project("{FAE04EC0-301F-11D3-BF4B-00C04F79EFBC}") = "DAO", "DAO\DAO.csproj", "{B80EF0B6-0BD6-4AD9-A364-CE33A7DB7687}"
EndProject
Project("{FAE04EC0-301F-11D3-BF4B-00C04F79EFBC}") = "DTO", "DTO\DTO.csproj", "{2EFC463D-DBB3-4186-94DB-9D71631CD41A}"
EndProject
Global
	GlobalSection(SolutionConfigurationPlatforms) = preSolution
		Debug|Any CPU = Debug|Any CPU
		Debug|Mixed Platforms = Debug|Mixed Platforms
		Debug|x86 = Debug|x86
		Release|Any CPU = Release|Any CPU
		Release|Mixed Platforms = Release|Mixed Platforms
		Release|x86 = Release|x86
	EndGlobalSection
	GlobalSection(ProjectConfigurationPlatforms) = postSolution
		{602533E8-5D4A-4C36-836F-C23D29A13E9D}.Debug|Any CPU.ActiveCfg = Debug|x86
		{602533E8-5D4A-4C36-836F-C23D29A13E9D}.Debug|Mixed Platforms.ActiveCfg = Debug|x86
		{602533E8-5D4A-4C36-836F-C23D29A13E9D}.Debug|Mixed Platforms.Build.0 = Debug|x86
		{602533E8-5D4A-4C36-836F-C23D29A13E9D}.Debug|x86.ActiveCfg = Debug|x86
		{602533E8-5D4A-4C36-836F-C23D29A13E9D}.Debug|x86.Build.0 = Debug|x86
		{602533E8-5D4A-4C36-836F-C23D29A13E9D}.Release|Any CPU.ActiveCfg = Release|x86
		{602533E8-5D4A-4C36-836F-C23D29A13E9D}.Release|Mixed Platforms.ActiveCfg = Release|x86
		{602533E8-5D4A-4C36-836F-C23D29A13E9D}.Release|Mixed Platforms.Build.0 = Release|x86
		{602533E8-5D4A-4C36-836F-C23D29A13E9D}.Release|x86.ActiveCfg = Release|x86
		{602533E8-5D4A-4C36-836F-C23D29A13E9D}.Release|x86.Build.0 = Release|x86
		{005BF40C-EBD6-4B3E-B297-72770ECC861F}.Debug|Any CPU.ActiveCfg = Debug|Any CPU
		{005BF40C-EBD6-4B3E-B297-72770ECC861F}.Debug|Any CPU.Build.0 = Debug|Any CPU
		{005BF40C-EBD6-4B3E-B297-72770ECC861F}.Debug|Mixed Platforms.ActiveCfg = Debug|Any CPU
		{005BF40C-EBD6-4B3E-B297-72770ECC861F}.Debug|Mixed Platforms.Build.0 = Debug|Any CPU
		{005BF40C-EBD6-4B3E-B297-72770ECC861F}.Debug|x86.ActiveCfg = Debug|Any CPU
		{005BF40C-EBD6-4B3E-B297-72770ECC861F}.Release|Any CPU.ActiveCfg = Release|Any CPU
		{005BF40C-EBD6-4B3E-B297-72770ECC861F}.Release|Any CPU.Build.0 = Release|Any CPU
		{005BF40C-EBD6-4B3E-B297-72770ECC861F}.Release|Mixed Platforms.ActiveCfg = Release|Any CPU
		{005BF40C-EBD6-4B3E-B297-72770ECC861F}.Release|Mixed Platforms.Build.0 = Release|Any CPU
		{005BF40C-EBD6-4B3E-B297-72770ECC861F}.Release|x86.ActiveCfg = Release|Any CPU
		{B80EF0B6-0BD6-4AD9-A364-CE33A7DB7687}.Debug|Any CPU.ActiveCfg = Debug|Any CPU
		{B80EF0B6-0BD6-4AD9-A364-CE33A7DB7687}.Debug|Any CPU.Build.0 = Debug|Any CPU
		{B80EF0B6-0BD6-4AD9-A364-CE33A7DB7687}.Debug|Mixed Platforms.ActiveCfg = Debug|Any CPU
		{B80EF0B6-0BD6-4AD9-A364-CE33A7DB7687}.Debug|Mixed Platforms.Build.0 = Debug|Any CPU
		{B80EF0B6-0BD6-4AD9-A364-CE33A7DB7687}.Debug|x86.ActiveCfg = Debug|Any CPU
		{B80EF0B6-0BD6-4AD9-A364-CE33A7DB7687}.Release|Any CPU.ActiveCfg = Release|Any CPU
		{B80EF0B6-0BD6-4AD9-A364-CE33A7DB7687}.Release|Any CPU.Build.0 = Release|Any CPU
		{B80EF0B6-0BD6-4AD9-A364-CE33A7DB7687}.Release|Mixed Platforms.ActiveCfg = Release|Any CPU
		{B80EF0B6-0BD6-4AD9-A364-CE33A7DB7687}.Release|Mixed Platforms.Build.0 = Release|Any CPU
		{B80EF0B6-0BD6-4AD9-A364-CE33A7DB7687}.Release|x86.ActiveCfg = Release|Any CPU
		{2EFC463D-DBB3-4186-94DB-9D71631CD41A}.Debug|Any CPU.ActiveCfg = Debug|Any CPU
		{2EFC463D-DBB3-4186-94DB-9D71631CD41A}.Debug|Any CPU.Build.0 = Debug|Any CPU
		{2EFC463D-DBB3-4186-94DB-9D71631CD41A}.Debug|Mixed Platforms.ActiveCfg = Debug|Any CPU
		{2EFC463D-DBB3-4186-94DB-9D71631CD41A}.Debug|Mixed Platforms.Build.0 = Debug|Any CPU
		{2EFC463D-DBB3-4186-94DB-9D71631CD41A}.Debug|x86.ActiveCfg = Debug|Any CPU
		{2EFC463D-DBB3-4186-94DB-9D71631CD41A}.Release|Any CPU.ActiveCfg = Release|Any CPU
		{2EFC463D-DBB3-4186-94DB-9D71631CD41A}.Release|Any CPU.Build.0 = Release|Any CPU
		{2EFC463D-DBB3-4186-94DB-9D71631CD41A}.Release|Mixed Platforms.ActiveCfg = Release|Any CPU
		{2EFC463D-DBB3-4186-94DB-9D71631CD41A}.Release|Mixed Platforms.Build.0 = Release|Any CPU
		{2EFC463D-DBB3-4186-94DB-9D71631CD41A}.Release|x86.ActiveCfg = Release|Any CPU
	EndGlobalSection
	GlobalSection(SolutionProperties) = preSolution
		HideSolutionNode = FALSE
	EndGlobalSection
EndGlobal
